
Microsoft Visual Studio Solution File, Format Version 12.00
# Visual Studio Version 17
VisualStudioVersion = 17.8.34511.84
MinimumVisualStudioVersion = 10.0.40219.1
Project("{FAE04EC0-301F-11D3-BF4B-00C04F79EFBC}") = "DBA", "DBA\DBA.csproj", "{E4AA1FAB-95FF-4873-BD2B-9A20D3F46B04}"
EndProject
Global
	GlobalSection(SolutionConfigurationPlatforms) = preSolution
		Debug|Any CPU = Debug|Any CPU
		Release|Any CPU = Release|Any CPU
	EndGlobalSection
	GlobalSection(ProjectConfigurationPlatforms) = postSolution
		{E4AA1FAB-95FF-4873-BD2B-9A20D3F46B04}.Debug|Any CPU.ActiveCfg = Debug|Any CPU
		{E4AA1FAB-95FF-4873-BD2B-9A20D3F46B04}.Debug|Any CPU.Build.0 = Debug|Any CPU
		{E4AA1FAB-95FF-4873-BD2B-9A20D3F46B04}.Release|Any CPU.ActiveCfg = Release|Any CPU
		{E4AA1FAB-95FF-4873-BD2B-9A20D3F46B04}.Release|Any CPU.Build.0 = Release|Any CPU
	EndGlobalSection
	GlobalSection(SolutionProperties) = preSolution
		HideSolutionNode = FALSE
	EndGlobalSection
	GlobalSection(ExtensibilityGlobals) = postSolution
		SolutionGuid = {B5D2BDAA-39D9-492A-A0D1-0553F4135859}
	EndGlobalSection
EndGlobal
